// !$*UTF8*$!
{
	archiveVersion = 1;
	classes = {
	};
	objectVersion = 46;
	objects = {

/* Begin PBXBuildFile section */
		185DFD721CDC00DA00496B75 /* AppDelegate.swift in Sources */ = {isa = PBXBuildFile; fileRef = 185DFD711CDC00DA00496B75 /* AppDelegate.swift */; };
		185DFD741CDC00DA00496B75 /* ViewController.swift in Sources */ = {isa = PBXBuildFile; fileRef = 185DFD731CDC00DA00496B75 /* ViewController.swift */; };
		185DFD771CDC00DA00496B75 /* Main.storyboard in Resources */ = {isa = PBXBuildFile; fileRef = 185DFD751CDC00DA00496B75 /* Main.storyboard */; };
		185DFD791CDC00DA00496B75 /* Assets.xcassets in Resources */ = {isa = PBXBuildFile; fileRef = 185DFD781CDC00DA00496B75 /* Assets.xcassets */; };
		185DFD7C1CDC00DA00496B75 /* LaunchScreen.storyboard in Resources */ = {isa = PBXBuildFile; fileRef = 185DFD7A1CDC00DA00496B75 /* LaunchScreen.storyboard */; };
		185DFD921CDC359F00496B75 /* math.png in Resources */ = {isa = PBXBuildFile; fileRef = 185DFD8F1CDC359F00496B75 /* math.png */; };
		185DFD931CDC359F00496B75 /* science.png in Resources */ = {isa = PBXBuildFile; fileRef = 185DFD901CDC359F00496B75 /* science.png */; };
		185DFD941CDC359F00496B75 /* superhero.png in Resources */ = {isa = PBXBuildFile; fileRef = 185DFD911CDC359F00496B75 /* superhero.png */; };
		18EB86721CE446C6006744CF /* firstViewController.swift in Sources */ = {isa = PBXBuildFile; fileRef = 18EB86711CE446C6006744CF /* firstViewController.swift */; };
		18EB86741CE457E1006744CF /* secondViewController.swift in Sources */ = {isa = PBXBuildFile; fileRef = 18EB86731CE457E1006744CF /* secondViewController.swift */; };
		18EB86761CE45A01006744CF /* thirdViewController.swift in Sources */ = {isa = PBXBuildFile; fileRef = 18EB86751CE45A01006744CF /* thirdViewController.swift */; };
/* End PBXBuildFile section */

/* Begin PBXFileReference section */
		185DFD6E1CDC00DA00496B75 /* iQuiz.app */ = {isa = PBXFileReference; explicitFileType = wrapper.application; includeInIndex = 0; path = iQuiz.app; sourceTree = BUILT_PRODUCTS_DIR; };
		185DFD711CDC00DA00496B75 /* AppDelegate.swift */ = {isa = PBXFileReference; lastKnownFileType = sourcecode.swift; path = AppDelegate.swift; sourceTree = "<group>"; };
		185DFD731CDC00DA00496B75 /* ViewController.swift */ = {isa = PBXFileReference; lastKnownFileType = sourcecode.swift; path = ViewController.swift; sourceTree = "<group>"; };
		185DFD761CDC00DA00496B75 /* Base */ = {isa = PBXFileReference; lastKnownFileType = file.storyboard; name = Base; path = Base.lproj/Main.storyboard; sourceTree = "<group>"; };
		185DFD781CDC00DA00496B75 /* Assets.xcassets */ = {isa = PBXFileReference; lastKnownFileType = folder.assetcatalog; path = Assets.xcassets; sourceTree = "<group>"; };
		185DFD7B1CDC00DA00496B75 /* Base */ = {isa = PBXFileReference; lastKnownFileType = file.storyboard; name = Base; path = Base.lproj/LaunchScreen.storyboard; sourceTree = "<group>"; };
		185DFD7D1CDC00DA00496B75 /* Info.plist */ = {isa = PBXFileReference; lastKnownFileType = text.plist.xml; path = Info.plist; sourceTree = "<group>"; };
		185DFD8F1CDC359F00496B75 /* math.png */ = {isa = PBXFileReference; lastKnownFileType = image.png; path = math.png; sourceTree = "<group>"; };
		185DFD901CDC359F00496B75 /* science.png */ = {isa = PBXFileReference; lastKnownFileType = image.png; path = science.png; sourceTree = "<group>"; };
		185DFD911CDC359F00496B75 /* superhero.png */ = {isa = PBXFileReference; lastKnownFileType = image.png; path = superhero.png; sourceTree = "<group>"; };
		18EB86711CE446C6006744CF /* firstViewController.swift */ = {isa = PBXFileReference; fileEncoding = 4; lastKnownFileType = sourcecode.swift; path = firstViewController.swift; sourceTree = "<group>"; };
		18EB86731CE457E1006744CF /* secondViewController.swift */ = {isa = PBXFileReference; fileEncoding = 4; lastKnownFileType = sourcecode.swift; path = secondViewController.swift; sourceTree = "<group>"; };
		18EB86751CE45A01006744CF /* thirdViewController.swift */ = {isa = PBXFileReference; fileEncoding = 4; lastKnownFileType = sourcecode.swift; path = thirdViewController.swift; sourceTree = "<group>"; };
/* End PBXFileReference section */

/* Begin PBXFrameworksBuildPhase section */
		185DFD6B1CDC00DA00496B75 /* Frameworks */ = {
			isa = PBXFrameworksBuildPhase;
			buildActionMask = 2147483647;
			files = (
			);
			runOnlyForDeploymentPostprocessing = 0;
		};
/* End PBXFrameworksBuildPhase section */

/* Begin PBXGroup section */
		185DFD651CDC00DA00496B75 = {
			isa = PBXGroup;
			children = (
				185DFD701CDC00DA00496B75 /* iQuiz */,
				185DFD6F1CDC00DA00496B75 /* Products */,
			);
			sourceTree = "<group>";
		};
		185DFD6F1CDC00DA00496B75 /* Products */ = {
			isa = PBXGroup;
			children = (
				185DFD6E1CDC00DA00496B75 /* iQuiz.app */,
			);
			name = Products;
			sourceTree = "<group>";
		};
		185DFD701CDC00DA00496B75 /* iQuiz */ = {
			isa = PBXGroup;
			children = (
				185DFD711CDC00DA00496B75 /* AppDelegate.swift */,
				18EB86711CE446C6006744CF /* firstViewController.swift */,
				18EB86731CE457E1006744CF /* secondViewController.swift */,
				18EB86751CE45A01006744CF /* thirdViewController.swift */,
				185DFD731CDC00DA00496B75 /* ViewController.swift */,
				185DFD8F1CDC359F00496B75 /* math.png */,
				185DFD901CDC359F00496B75 /* science.png */,
				185DFD911CDC359F00496B75 /* superhero.png */,
				185DFD751CDC00DA00496B75 /* Main.storyboard */,
				185DFD781CDC00DA00496B75 /* Assets.xcassets */,
				185DFD7A1CDC00DA00496B75 /* LaunchScreen.storyboard */,
				185DFD7D1CDC00DA00496B75 /* Info.plist */,
			);
			path = iQuiz;
			sourceTree = "<group>";
		};
/* End PBXGroup section */

/* Begin PBXNativeTarget section */
		185DFD6D1CDC00DA00496B75 /* iQuiz */ = {
			isa = PBXNativeTarget;
			buildConfigurationList = 185DFD801CDC00DA00496B75 /* Build configuration list for PBXNativeTarget "iQuiz" */;
			buildPhases = (
				185DFD6A1CDC00DA00496B75 /* Sources */,
				185DFD6B1CDC00DA00496B75 /* Frameworks */,
				185DFD6C1CDC00DA00496B75 /* Resources */,
			);
			buildRules = (
			);
			dependencies = (
			);
			name = iQuiz;
			productName = iQuiz;
			productReference = 185DFD6E1CDC00DA00496B75 /* iQuiz.app */;
			productType = "com.apple.product-type.application";
		};
/* End PBXNativeTarget section */

/* Begin PBXProject section */
		185DFD661CDC00DA00496B75 /* Project object */ = {
			isa = PBXProject;
			attributes = {
				LastSwiftUpdateCheck = 0730;
				LastUpgradeCheck = 0730;
				ORGANIZATIONNAME = Sophie;
				TargetAttributes = {
					185DFD6D1CDC00DA00496B75 = {
						CreatedOnToolsVersion = 7.3;
						DevelopmentTeam = GAFP928J6V;
					};
				};
			};
			buildConfigurationList = 185DFD691CDC00DA00496B75 /* Build configuration list for PBXProject "iQuiz" */;
			compatibilityVersion = "Xcode 3.2";
			developmentRegion = English;
			hasScannedForEncodings = 0;
			knownRegions = (
				en,
				Base,
			);
			mainGroup = 185DFD651CDC00DA00496B75;
			productRefGroup = 185DFD6F1CDC00DA00496B75 /* Products */;
			projectDirPath = "";
			projectRoot = "";
			targets = (
				185DFD6D1CDC00DA00496B75 /* iQuiz */,
			);
		};
/* End PBXProject section */

/* Begin PBXResourcesBuildPhase section */
		185DFD6C1CDC00DA00496B75 /* Resources */ = {
			isa = PBXResourcesBuildPhase;
			buildActionMask = 2147483647;
			files = (
				185DFD7C1CDC00DA00496B75 /* LaunchScreen.storyboard in Resources */,
				185DFD941CDC359F00496B75 /* superhero.png in Resources */,
				185DFD931CDC359F00496B75 /* science.png in Resources */,
				185DFD921CDC359F00496B75 /* math.png in Resources */,
				185DFD791CDC00DA00496B75 /* Assets.xcassets in Resources */,
				185DFD771CDC00DA00496B75 /* Main.storyboard in Resources */,
			);
			runOnlyForDeploymentPostprocessing = 0;
		};
/* End PBXResourcesBuildPhase section */

/* Begin PBXSourcesBuildPhase section */
		185DFD6A1CDC00DA00496B75 /* Sources */ = {
			isa = PBXSourcesBuildPhase;
			buildActionMask = 2147483647;
			files = (
				18EB86741CE457E1006744CF /* secondViewController.swift in Sources */,
				185DFD741CDC00DA00496B75 /* ViewController.swift in Sources */,
				18EB86761CE45A01006744CF /* thirdViewController.swift in Sources */,
				185DFD721CDC00DA00496B75 /* AppDelegate.swift in Sources */,
				18EB86721CE446C6006744CF /* firstViewController.swift in Sources */,
			);
			runOnlyForDeploymentPostprocessing = 0;
		};
/* End PBXSourcesBuildPhase section */

/* Begin PBXVariantGroup section */
		185DFD751CDC00DA00496B75 /* Main.storyboard */ = {
			isa = PBXVariantGroup;
			children = (
				185DFD761CDC00DA00496B75 /* Base */,
			);
			name = Main.storyboard;
			sourceTree = "<group>";
		};
		185DFD7A1CDC00DA00496B75 /* LaunchScreen.storyboard */ = {
			isa = PBXVariantGroup;
			children = (
				185DFD7B1CDC00DA00496B75 /* Base */,
			);
			name = LaunchScreen.storyboard;
			sourceTree = "<group>";
		};
/* End PBXVariantGroup section */

/* Begin XCBuildConfiguration section */
		185DFD7E1CDC00DA00496B75 /* Debug */ = {
			isa = XCBuildConfiguration;
			buildSettings = {
				ALWAYS_SEARCH_USER_PATHS = NO;
				CLANG_ANALYZER_NONNULL = YES;
				CLANG_CXX_LANGUAGE_STANDARD = "gnu++0x";
				CLANG_CXX_LIBRARY = "libc++";
				CLANG_ENABLE_MODULES = YES;
				CLANG_ENABLE_OBJC_ARC = YES;
				CLANG_WARN_BOOL_CONVERSION = YES;
				CLANG_WARN_CONSTANT_CONVERSION = YES;
				CLANG_WARN_DIRECT_OBJC_ISA_USAGE = YES_ERROR;
				CLANG_WARN_EMPTY_BODY = YES;
				CLANG_WARN_ENUM_CONVERSION = YES;
				CLANG_WARN_INT_CONVERSION = YES;
				CLANG_WARN_OBJC_ROOT_CLASS = YES_ERROR;
				CLANG_WARN_UNREACHABLE_CODE = YES;
				CLANG_WARN__DUPLICATE_METHOD_MATCH = YES;
				"CODE_SIGN_IDENTITY[sdk=iphoneos*]" = "iPhone Developer";
				COPY_PHASE_STRIP = NO;
				DEBUG_INFORMATION_FORMAT = dwarf;
				ENABLE_STRICT_OBJC_MSGSEND = YES;
				ENABLE_TESTABILITY = YES;
				GCC_C_LANGUAGE_STANDARD = gnu99;
				GCC_DYNAMIC_NO_PIC = NO;
				GCC_NO_COMMON_BLOCKS = YES;
				GCC_OPTIMIZATION_LEVEL = 0;
				GCC_PREPROCESSOR_DEFINITIONS = (
					"DEBUG=1",
					"$(inherited)",
				);
				GCC_WARN_64_TO_32_BIT_CONVERSION = YES;
				GCC_WARN_ABOUT_RETURN_TYPE = YES_ERROR;
				GCC_WARN_UNDECLARED_SELECTOR = YES;
				GCC_WARN_UNINITIALIZED_AUTOS = YES_AGGRESSIVE;
				GCC_WARN_UNUSED_FUNCTION = YES;
				GCC_WARN_UNUSED_VARIABLE = YES;
				IPHONEOS_DEPLOYMENT_TARGET = 9.3;
				MTL_ENABLE_DEBUG_INFO = YES;
				ONLY_ACTIVE_ARCH = YES;
				SDKROOT = iphoneos;
				SWIFT_OPTIMIZATION_LEVEL = "-Onone";
			};
			name = Debug;
		};
		185DFD7F1CDC00DA00496B75 /* Release */ = {
			isa = XCBuildConfiguration;
			buildSettings = {
				ALWAYS_SEARCH_USER_PATHS = NO;
				CLANG_ANALYZER_NONNULL = YES;
				CLANG_CXX_LANGUAGE_STANDARD = "gnu++0x";
				CLANG_CXX_LIBRARY = "libc++";
				CLANG_ENABLE_MODULES = YES;
				CLANG_ENABLE_OBJC_ARC = YES;
				CLANG_WARN_BOOL_CONVERSION = YES;
				CLANG_WARN_CONSTANT_CONVERSION = YES;
				CLANG_WARN_DIRECT_OBJC_ISA_USAGE = YES_ERROR;
				CLANG_WARN_EMPTY_BODY = YES;
				CLANG_WARN_ENUM_CONVERSION = YES;
				CLANG_WARN_INT_CONVERSION = YES;
				CLANG_WARN_OBJC_ROOT_CLASS = YES_ERROR;
				CLANG_WARN_UNREACHABLE_CODE = YES;
				CLANG_WARN__DUPLICATE_METHOD_MATCH = YES;
				"CODE_SIGN_IDENTITY[sdk=iphoneos*]" = "iPhone Developer";
				COPY_PHASE_STRIP = NO;
				DEBUG_INFORMATION_FORMAT = "dwarf-with-dsym";
				ENABLE_NS_ASSERTIONS = NO;
				ENABLE_STRICT_OBJC_MSGSEND = YES;
				GCC_C_LANGUAGE_STANDARD = gnu99;
				GCC_NO_COMMON_BLOCKS = YES;
				GCC_WARN_64_TO_32_BIT_CONVERSION = YES;
				GCC_WARN_ABOUT_RETURN_TYPE = YES_ERROR;
				GCC_WARN_UNDECLARED_SELECTOR = YES;
				GCC_WARN_UNINITIALIZED_AUTOS = YES_AGGRESSIVE;
				GCC_WARN_UNUSED_FUNCTION = YES;
				GCC_WARN_UNUSED_VARIABLE = YES;
				IPHONEOS_DEPLOYMENT_TARGET = 9.3;
				MTL_ENABLE_DEBUG_INFO = NO;
				SDKROOT = iphoneos;
				VALIDATE_PRODUCT = YES;
			};
			name = Release;
		};
		185DFD811CDC00DA00496B75 /* Debug */ = {
			isa = XCBuildConfiguration;
			buildSettings = {
				ASSETCATALOG_COMPILER_APPICON_NAME = AppIcon;
				INFOPLIST_FILE = iQuiz/Info.plist;
				LD_RUNPATH_SEARCH_PATHS = "$(inherited) @executable_path/Frameworks";
				PRODUCT_BUNDLE_IDENTIFIER = uw.edu.iQuiz;
				PRODUCT_NAME = "$(TARGET_NAME)";
			};
			name = Debug;
		};
		185DFD821CDC00DA00496B75 /* Release */ = {
			isa = XCBuildConfiguration;
			buildSettings = {
				ASSETCATALOG_COMPILER_APPICON_NAME = AppIcon;
				INFOPLIST_FILE = iQuiz/Info.plist;
				LD_RUNPATH_SEARCH_PATHS = "$(inherited) @executable_path/Frameworks";
				PRODUCT_BUNDLE_IDENTIFIER = uw.edu.iQuiz;
				PRODUCT_NAME = "$(TARGET_NAME)";
			};
			name = Release;
		};
/* End XCBuildConfiguration section */

/* Begin XCConfigurationList section */
		185DFD691CDC00DA00496B75 /* Build configuration list for PBXProject "iQuiz" */ = {
			isa = XCConfigurationList;
			buildConfigurations = (
				185DFD7E1CDC00DA00496B75 /* Debug */,
				185DFD7F1CDC00DA00496B75 /* Release */,
			);
			defaultConfigurationIsVisible = 0;
			defaultConfigurationName = Release;
		};
		185DFD801CDC00DA00496B75 /* Build configuration list for PBXNativeTarget "iQuiz" */ = {
			isa = XCConfigurationList;
			buildConfigurations = (
				185DFD811CDC00DA00496B75 /* Debug */,
				185DFD821CDC00DA00496B75 /* Release */,
			);
			defaultConfigurationIsVisible = 0;
			defaultConfigurationName = Release;
		};
/* End XCConfigurationList section */
	};
	rootObject = 185DFD661CDC00DA00496B75 /* Project object */;
}
